
Microsoft Visual Studio Solution File, Format Version 12.00
# Visual Studio Version 17
VisualStudioVersion = 17.4.33205.214
MinimumVisualStudioVersion = 10.0.40219.1
Project("{9A19103F-16F7-4668-BE54-9A1E7A4F7556}") = "3DmodelE", "KarbonHoldingRudovich\3DmodelE.csproj", "{1908110E-6B64-4185-91D1-034724590E37}"
EndProject
Global
	GlobalSection(SolutionConfigurationPlatforms) = preSolution
		Debug|Any CPU = Debug|Any CPU
		Release|Any CPU = Release|Any CPU
	EndGlobalSection
	GlobalSection(ProjectConfigurationPlatforms) = postSolution
		{1908110E-6B64-4185-91D1-034724590E37}.Debug|Any CPU.ActiveCfg = Debug|Any CPU
		{1908110E-6B64-4185-91D1-034724590E37}.Debug|Any CPU.Build.0 = Debug|Any CPU
		{1908110E-6B64-4185-91D1-034724590E37}.Release|Any CPU.ActiveCfg = Release|Any CPU
		{1908110E-6B64-4185-91D1-034724590E37}.Release|Any CPU.Build.0 = Release|Any CPU
	EndGlobalSection
	GlobalSection(SolutionProperties) = preSolution
		HideSolutionNode = FALSE
	EndGlobalSection
	GlobalSection(ExtensibilityGlobals) = postSolution
		SolutionGuid = {CC80C4C9-0852-4CAE-8860-C845AD4F9614}
	EndGlobalSection
EndGlobal
